
Microsoft Visual Studio Solution File, Format Version 12.00
# Visual Studio 15
VisualStudioVersion = 15.0.28010.2048
MinimumVisualStudioVersion = 10.0.40219.1
Project("{FAE04EC0-301F-11D3-BF4B-00C04F79EFBC}") = "BrainyStories.Android", "BrainyStories\BrainyStories.Android\BrainyStories.Android.csproj", "{4B819500-13DF-4F25-9917-4E0DB5A63DB9}"
EndProject
Project("{FAE04EC0-301F-11D3-BF4B-00C04F79EFBC}") = "BrainyStories.iOS", "BrainyStories\BrainyStories.iOS\BrainyStories.iOS.csproj", "{5B123EDB-93BE-48C0-93A8-FC5584C08DFA}"
EndProject
Project("{9A19103F-16F7-4668-BE54-9A1E7A4F7556}") = "BrainyStories", "BrainyStories\BrainyStories\BrainyStories.csproj", "{60D6702B-B187-4B3A-A5BC-A3FA16D9C4FC}"
EndProject
Global
	GlobalSection(SolutionConfigurationPlatforms) = preSolution
		Ad-Hoc|Any CPU = Ad-Hoc|Any CPU
		Ad-Hoc|iPhone = Ad-Hoc|iPhone
		Ad-Hoc|iPhoneSimulator = Ad-Hoc|iPhoneSimulator
		AppStore|Any CPU = AppStore|Any CPU
		AppStore|iPhone = AppStore|iPhone
		AppStore|iPhoneSimulator = AppStore|iPhoneSimulator
		Debug|Any CPU = Debug|Any CPU
		Debug|iPhone = Debug|iPhone
		Debug|iPhoneSimulator = Debug|iPhoneSimulator
		Release|Any CPU = Release|Any CPU
		Release|iPhone = Release|iPhone
		Release|iPhoneSimulator = Release|iPhoneSimulator
	EndGlobalSection
	GlobalSection(ProjectConfigurationPlatforms) = postSolution
		{4B819500-13DF-4F25-9917-4E0DB5A63DB9}.Ad-Hoc|Any CPU.ActiveCfg = Release|Any CPU
		{4B819500-13DF-4F25-9917-4E0DB5A63DB9}.Ad-Hoc|Any CPU.Build.0 = Release|Any CPU
		{4B819500-13DF-4F25-9917-4E0DB5A63DB9}.Ad-Hoc|Any CPU.Deploy.0 = Release|Any CPU
		{4B819500-13DF-4F25-9917-4E0DB5A63DB9}.Ad-Hoc|iPhone.ActiveCfg = Release|Any CPU
		{4B819500-13DF-4F25-9917-4E0DB5A63DB9}.Ad-Hoc|iPhone.Build.0 = Release|Any CPU
		{4B819500-13DF-4F25-9917-4E0DB5A63DB9}.Ad-Hoc|iPhone.Deploy.0 = Release|Any CPU
		{4B819500-13DF-4F25-9917-4E0DB5A63DB9}.Ad-Hoc|iPhoneSimulator.ActiveCfg = Release|Any CPU
		{4B819500-13DF-4F25-9917-4E0DB5A63DB9}.Ad-Hoc|iPhoneSimulator.Build.0 = Release|Any CPU
		{4B819500-13DF-4F25-9917-4E0DB5A63DB9}.Ad-Hoc|iPhoneSimulator.Deploy.0 = Release|Any CPU
		{4B819500-13DF-4F25-9917-4E0DB5A63DB9}.AppStore|Any CPU.ActiveCfg = Release|Any CPU
		{4B819500-13DF-4F25-9917-4E0DB5A63DB9}.AppStore|Any CPU.Build.0 = Release|Any CPU
		{4B819500-13DF-4F25-9917-4E0DB5A63DB9}.AppStore|Any CPU.Deploy.0 = Release|Any CPU
		{4B819500-13DF-4F25-9917-4E0DB5A63DB9}.AppStore|iPhone.ActiveCfg = Release|Any CPU
		{4B819500-13DF-4F25-9917-4E0DB5A63DB9}.AppStore|iPhone.Build.0 = Release|Any CPU
		{4B819500-13DF-4F25-9917-4E0DB5A63DB9}.AppStore|iPhone.Deploy.0 = Release|Any CPU
		{4B819500-13DF-4F25-9917-4E0DB5A63DB9}.AppStore|iPhoneSimulator.ActiveCfg = Release|Any CPU
		{4B819500-13DF-4F25-9917-4E0DB5A63DB9}.AppStore|iPhoneSimulator.Build.0 = Release|Any CPU
		{4B819500-13DF-4F25-9917-4E0DB5A63DB9}.AppStore|iPhoneSimulator.Deploy.0 = Release|Any CPU
		{4B819500-13DF-4F25-9917-4E0DB5A63DB9}.Debug|Any CPU.ActiveCfg = Debug|Any CPU
		{4B819500-13DF-4F25-9917-4E0DB5A63DB9}.Debug|Any CPU.Build.0 = Debug|Any CPU
		{4B819500-13DF-4F25-9917-4E0DB5A63DB9}.Debug|Any CPU.Deploy.0 = Debug|Any CPU
		{4B819500-13DF-4F25-9917-4E0DB5A63DB9}.Debug|iPhone.ActiveCfg = Debug|Any CPU
		{4B819500-13DF-4F25-9917-4E0DB5A63DB9}.Debug|iPhone.Build.0 = Debug|Any CPU
		{4B819500-13DF-4F25-9917-4E0DB5A63DB9}.Debug|iPhone.Deploy.0 = Debug|Any CPU
		{4B819500-13DF-4F25-9917-4E0DB5A63DB9}.Debug|iPhoneSimulator.ActiveCfg = Debug|Any CPU
		{4B819500-13DF-4F25-9917-4E0DB5A63DB9}.Debug|iPhoneSimulator.Build.0 = Debug|Any CPU
		{4B819500-13DF-4F25-9917-4E0DB5A63DB9}.Debug|iPhoneSimulator.Deploy.0 = Debug|Any CPU
		{4B819500-13DF-4F25-9917-4E0DB5A63DB9}.Release|Any CPU.ActiveCfg = Release|Any CPU
		{4B819500-13DF-4F25-9917-4E0DB5A63DB9}.Release|Any CPU.Build.0 = Release|Any CPU
		{4B819500-13DF-4F25-9917-4E0DB5A63DB9}.Release|Any CPU.Deploy.0 = Release|Any CPU
		{4B819500-13DF-4F25-9917-4E0DB5A63DB9}.Release|iPhone.ActiveCfg = Release|Any CPU
		{4B819500-13DF-4F25-9917-4E0DB5A63DB9}.Release|iPhone.Build.0 = Release|Any CPU
		{4B819500-13DF-4F25-9917-4E0DB5A63DB9}.Release|iPhone.Deploy.0 = Release|Any CPU
		{4B819500-13DF-4F25-9917-4E0DB5A63DB9}.Release|iPhoneSimulator.ActiveCfg = Release|Any CPU
		{4B819500-13DF-4F25-9917-4E0DB5A63DB9}.Release|iPhoneSimulator.Build.0 = Release|Any CPU
		{4B819500-13DF-4F25-9917-4E0DB5A63DB9}.Release|iPhoneSimulator.Deploy.0 = Release|Any CPU
		{5B123EDB-93BE-48C0-93A8-FC5584C08DFA}.Ad-Hoc|Any CPU.ActiveCfg = Ad-Hoc|iPhone
		{5B123EDB-93BE-48C0-93A8-FC5584C08DFA}.Ad-Hoc|Any CPU.Build.0 = Ad-Hoc|iPhone
		{5B123EDB-93BE-48C0-93A8-FC5584C08DFA}.Ad-Hoc|Any CPU.Deploy.0 = Ad-Hoc|iPhone
		{5B123EDB-93BE-48C0-93A8-FC5584C08DFA}.Ad-Hoc|iPhone.ActiveCfg = Ad-Hoc|iPhone
		{5B123EDB-93BE-48C0-93A8-FC5584C08DFA}.Ad-Hoc|iPhone.Build.0 = Ad-Hoc|iPhone
		{5B123EDB-93BE-48C0-93A8-FC5584C08DFA}.Ad-Hoc|iPhone.Deploy.0 = Ad-Hoc|iPhone
		{5B123EDB-93BE-48C0-93A8-FC5584C08DFA}.Ad-Hoc|iPhoneSimulator.ActiveCfg = Ad-Hoc|iPhoneSimulator
		{5B123EDB-93BE-48C0-93A8-FC5584C08DFA}.Ad-Hoc|iPhoneSimulator.Build.0 = Ad-Hoc|iPhoneSimulator
		{5B123EDB-93BE-48C0-93A8-FC5584C08DFA}.Ad-Hoc|iPhoneSimulator.Deploy.0 = Ad-Hoc|iPhoneSimulator
		{5B123EDB-93BE-48C0-93A8-FC5584C08DFA}.AppStore|Any CPU.ActiveCfg = AppStore|iPhone
		{5B123EDB-93BE-48C0-93A8-FC5584C08DFA}.AppStore|Any CPU.Build.0 = AppStore|iPhone
		{5B123EDB-93BE-48C0-93A8-FC5584C08DFA}.AppStore|Any CPU.Deploy.0 = AppStore|iPhone
		{5B123EDB-93BE-48C0-93A8-FC5584C08DFA}.AppStore|iPhone.ActiveCfg = AppStore|iPhone
		{5B123EDB-93BE-48C0-93A8-FC5584C08DFA}.AppStore|iPhone.Build.0 = AppStore|iPhone
		{5B123EDB-93BE-48C0-93A8-FC5584C08DFA}.AppStore|iPhone.Deploy.0 = AppStore|iPhone
		{5B123EDB-93BE-48C0-93A8-FC5584C08DFA}.AppStore|iPhoneSimulator.ActiveCfg = AppStore|iPhoneSimulator
		{5B123EDB-93BE-48C0-93A8-FC5584C08DFA}.AppStore|iPhoneSimulator.Build.0 = AppStore|iPhoneSimulator
		{5B123EDB-93BE-48C0-93A8-FC5584C08DFA}.AppStore|iPhoneSimulator.Deploy.0 = AppStore|iPhoneSimulator
		{5B123EDB-93BE-48C0-93A8-FC5584C08DFA}.Debug|Any CPU.ActiveCfg = Debug|iPhoneSimulator
		{5B123EDB-93BE-48C0-93A8-FC5584C08DFA}.Debug|Any CPU.Build.0 = Debug|iPhoneSimulator
		{5B123EDB-93BE-48C0-93A8-FC5584C08DFA}.Debug|Any CPU.Deploy.0 = Debug|iPhoneSimulator
		{5B123EDB-93BE-48C0-93A8-FC5584C08DFA}.Debug|iPhone.ActiveCfg = Debug|iPhone
		{5B123EDB-93BE-48C0-93A8-FC5584C08DFA}.Debug|iPhone.Build.0 = Debug|iPhone
		{5B123EDB-93BE-48C0-93A8-FC5584C08DFA}.Debug|iPhone.Deploy.0 = Debug|iPhone
		{5B123EDB-93BE-48C0-93A8-FC5584C08DFA}.Debug|iPhoneSimulator.ActiveCfg = Debug|iPhoneSimulator
		{5B123EDB-93BE-48C0-93A8-FC5584C08DFA}.Debug|iPhoneSimulator.Build.0 = Debug|iPhoneSimulator
		{5B123EDB-93BE-48C0-93A8-FC5584C08DFA}.Debug|iPhoneSimulator.Deploy.0 = Debug|iPhoneSimulator
		{5B123EDB-93BE-48C0-93A8-FC5584C08DFA}.Release|Any CPU.ActiveCfg = Release|iPhone
		{5B123EDB-93BE-48C0-93A8-FC5584C08DFA}.Release|Any CPU.Build.0 = Release|iPhone
		{5B123EDB-93BE-48C0-93A8-FC5584C08DFA}.Release|Any CPU.Deploy.0 = Release|iPhone
		{5B123EDB-93BE-48C0-93A8-FC5584C08DFA}.Release|iPhone.ActiveCfg = Release|iPhone
		{5B123EDB-93BE-48C0-93A8-FC5584C08DFA}.Release|iPhone.Build.0 = Release|iPhone
		{5B123EDB-93BE-48C0-93A8-FC5584C08DFA}.Release|iPhone.Deploy.0 = Release|iPhone
		{5B123EDB-93BE-48C0-93A8-FC5584C08DFA}.Release|iPhoneSimulator.ActiveCfg = Release|iPhoneSimulator
		{5B123EDB-93BE-48C0-93A8-FC5584C08DFA}.Release|iPhoneSimulator.Build.0 = Release|iPhoneSimulator
		{5B123EDB-93BE-48C0-93A8-FC5584C08DFA}.Release|iPhoneSimulator.Deploy.0 = Release|iPhoneSimulator
		{60D6702B-B187-4B3A-A5BC-A3FA16D9C4FC}.Ad-Hoc|Any CPU.ActiveCfg = Debug|Any CPU
		{60D6702B-B187-4B3A-A5BC-A3FA16D9C4FC}.Ad-Hoc|Any CPU.Build.0 = Debug|Any CPU
		{60D6702B-B187-4B3A-A5BC-A3FA16D9C4FC}.Ad-Hoc|Any CPU.Deploy.0 = Debug|Any CPU
		{60D6702B-B187-4B3A-A5BC-A3FA16D9C4FC}.Ad-Hoc|iPhone.ActiveCfg = Debug|Any CPU
		{60D6702B-B187-4B3A-A5BC-A3FA16D9C4FC}.Ad-Hoc|iPhone.Build.0 = Debug|Any CPU
		{60D6702B-B187-4B3A-A5BC-A3FA16D9C4FC}.Ad-Hoc|iPhone.Deploy.0 = Debug|Any CPU
		{60D6702B-B187-4B3A-A5BC-A3FA16D9C4FC}.Ad-Hoc|iPhoneSimulator.ActiveCfg = Debug|Any CPU
		{60D6702B-B187-4B3A-A5BC-A3FA16D9C4FC}.Ad-Hoc|iPhoneSimulator.Build.0 = Debug|Any CPU
		{60D6702B-B187-4B3A-A5BC-A3FA16D9C4FC}.Ad-Hoc|iPhoneSimulator.Deploy.0 = Debug|Any CPU
		{60D6702B-B187-4B3A-A5BC-A3FA16D9C4FC}.AppStore|Any CPU.ActiveCfg = Debug|Any CPU
		{60D6702B-B187-4B3A-A5BC-A3FA16D9C4FC}.AppStore|Any CPU.Build.0 = Debug|Any CPU
		{60D6702B-B187-4B3A-A5BC-A3FA16D9C4FC}.AppStore|Any CPU.Deploy.0 = Debug|Any CPU
		{60D6702B-B187-4B3A-A5BC-A3FA16D9C4FC}.AppStore|iPhone.ActiveCfg = Debug|Any CPU
		{60D6702B-B187-4B3A-A5BC-A3FA16D9C4FC}.AppStore|iPhone.Build.0 = Debug|Any CPU
		{60D6702B-B187-4B3A-A5BC-A3FA16D9C4FC}.AppStore|iPhone.Deploy.0 = Debug|Any CPU
		{60D6702B-B187-4B3A-A5BC-A3FA16D9C4FC}.AppStore|iPhoneSimulator.ActiveCfg = Debug|Any CPU
		{60D6702B-B187-4B3A-A5BC-A3FA16D9C4FC}.AppStore|iPhoneSimulator.Build.0 = Debug|Any CPU
		{60D6702B-B187-4B3A-A5BC-A3FA16D9C4FC}.AppStore|iPhoneSimulator.Deploy.0 = Debug|Any CPU
		{60D6702B-B187-4B3A-A5BC-A3FA16D9C4FC}.Debug|Any CPU.ActiveCfg = Debug|Any CPU
		{60D6702B-B187-4B3A-A5BC-A3FA16D9C4FC}.Debug|Any CPU.Build.0 = Debug|Any CPU
		{60D6702B-B187-4B3A-A5BC-A3FA16D9C4FC}.Debug|Any CPU.Deploy.0 = Debug|Any CPU
		{60D6702B-B187-4B3A-A5BC-A3FA16D9C4FC}.Debug|iPhone.ActiveCfg = Debug|Any CPU
		{60D6702B-B187-4B3A-A5BC-A3FA16D9C4FC}.Debug|iPhone.Build.0 = Debug|Any CPU
		{60D6702B-B187-4B3A-A5BC-A3FA16D9C4FC}.Debug|iPhone.Deploy.0 = Debug|Any CPU
		{60D6702B-B187-4B3A-A5BC-A3FA16D9C4FC}.Debug|iPhoneSimulator.ActiveCfg = Debug|Any CPU
		{60D6702B-B187-4B3A-A5BC-A3FA16D9C4FC}.Debug|iPhoneSimulator.Build.0 = Debug|Any CPU
		{60D6702B-B187-4B3A-A5BC-A3FA16D9C4FC}.Debug|iPhoneSimulator.Deploy.0 = Debug|Any CPU
		{60D6702B-B187-4B3A-A5BC-A3FA16D9C4FC}.Release|Any CPU.ActiveCfg = Release|Any CPU
		{60D6702B-B187-4B3A-A5BC-A3FA16D9C4FC}.Release|Any CPU.Build.0 = Release|Any CPU
		{60D6702B-B187-4B3A-A5BC-A3FA16D9C4FC}.Release|Any CPU.Deploy.0 = Release|Any CPU
		{60D6702B-B187-4B3A-A5BC-A3FA16D9C4FC}.Release|iPhone.ActiveCfg = Release|Any CPU
		{60D6702B-B187-4B3A-A5BC-A3FA16D9C4FC}.Release|iPhone.Build.0 = Release|Any CPU
		{60D6702B-B187-4B3A-A5BC-A3FA16D9C4FC}.Release|iPhone.Deploy.0 = Release|Any CPU
		{60D6702B-B187-4B3A-A5BC-A3FA16D9C4FC}.Release|iPhoneSimulator.ActiveCfg = Release|Any CPU
		{60D6702B-B187-4B3A-A5BC-A3FA16D9C4FC}.Release|iPhoneSimulator.Build.0 = Release|Any CPU
		{60D6702B-B187-4B3A-A5BC-A3FA16D9C4FC}.Release|iPhoneSimulator.Deploy.0 = Release|Any CPU
	EndGlobalSection
	GlobalSection(SolutionProperties) = preSolution
		HideSolutionNode = FALSE
	EndGlobalSection
	GlobalSection(ExtensibilityGlobals) = postSolution
		SolutionGuid = {37B02F99-8E14-47AC-83D2-A07052BEB566}
	EndGlobalSection
EndGlobal
